
Microsoft Visual Studio Solution File, Format Version 12.00
# Visual Studio Version 18
VisualStudioVersion = 18.3.11426.168
MinimumVisualStudioVersion = 10.0.40219.1
Project("{FAE04EC0-301F-11D3-BF4B-00C04F79EFBC}") = "Aether.Backend", "Aether.Backend\Aether.Backend.csproj", "{E5220A51-9FD9-49F0-B0B8-4FA640054D49}"
EndProject
Project("{FAE04EC0-301F-11D3-BF4B-00C04F79EFBC}") = "Aether.PluginSDK", "Aether.PluginSDK\Aether.PluginSDK.csproj", "{819B2FD3-28D6-48A2-959E-DF7E919994AF}"
EndProject
Project("{2150E333-8FDC-42A3-9474-1A3956D46DE8}") = "Plugins", "Plugins", "{05EFD123-E023-4845-ACF9-E81B98AD8BBD}"
EndProject
Project("{FAE04EC0-301F-11D3-BF4B-00C04F79EFBC}") = "Aether.Importers.AppStore", "Plugins\Official\Aether.Importers.AppStore\Aether.Importers.AppStore.csproj", "{032CB062-4207-4D68-AC9C-24F12EC97332}"
EndProject
Project("{FAE04EC0-301F-11D3-BF4B-00C04F79EFBC}") = "Aether.Importers.Custom", "Plugins\Official\Aether.Importers.Custom\Aether.Importers.Custom.csproj", "{0030DEB8-0833-455C-864E-855CAFFE7C48}"
EndProject
Project("{FAE04EC0-301F-11D3-BF4B-00C04F79EFBC}") = "Aether.Importers.Epic", "Plugins\Official\Aether.Importers.Epic\Aether.Importers.Epic.csproj", "{62234C06-49B2-4B43-B827-8455F5FA4635}"
EndProject
Project("{FAE04EC0-301F-11D3-BF4B-00C04F79EFBC}") = "Aether.Importers.Steam", "Plugins\Official\Aether.Importers.Steam\Aether.Importers.Steam.csproj", "{BB6C9642-C75A-4C53-A298-3509CB7009FB}"
EndProject
Project("{FAE04EC0-301F-11D3-BF4B-00C04F79EFBC}") = "Aether.Importers.IGDB", "Plugins\Official\Aether.Importers.IGDB\Aether.Importers.IGDB.csproj", "{97CD8452-3F1B-4F90-AF9A-BB06544FEFD1}"
EndProject
Project("{2150E333-8FDC-42A3-9474-1A3956D46DE8}") = "Official", "Official", "{338A25BB-97C0-B166-0596-03A1860028BA}"
EndProject
Project("{FAE04EC0-301F-11D3-BF4B-00C04F79EFBC}") = "Aether.Importers.Crossover", "Plugins\Official\Aether.Importers.Crossover\Aether.Importers.Crossover.csproj", "{01458789-AE06-468A-B1AA-637F9E893BEC}"
EndProject
Project("{FAE04EC0-301F-11D3-BF4B-00C04F79EFBC}") = "Aether.Importers.Web", "Plugins\Official\Aether.Importers.Web\Aether.Importers.Web.csproj", "{32C70CC8-4AE2-40BB-BDE2-8D226F694A16}"
EndProject
Project("{FAE04EC0-301F-11D3-BF4B-00C04F79EFBC}") = "Aether.Importers.Gog", "Plugins\Official\Aether.Importers.Gog\Aether.Importers.Gog.csproj", "{345E9A31-46DF-491A-ADAA-E2DEA149F127}"
EndProject
Project("{2150E333-8FDC-42A3-9474-1A3956D46DE8}") = "Frontend", "Frontend", "{069C5ADD-97E7-441B-A6CC-4C13ADFB7BD8}"
EndProject
Project("{C7167F0D-BC9F-4E6E-AFE1-012C56B48DB5}") = "Aether.WinUI (Package)", "Aether.WinUI\Aether.WinUI (Package)\Aether.WinUI (Package).wapproj", "{38CF477C-81BA-4BED-9E81-D63F55793C82}"
EndProject
Project("{FAE04EC0-301F-11D3-BF4B-00C04F79EFBC}") = "Aether.WinUI", "Aether.WinUI\Aether.WinUI\Aether.WinUI.csproj", "{C6577084-10C4-4F9F-9B30-1857C6435CAC}"
EndProject
Project("{FAE04EC0-301F-11D3-BF4B-00C04F79EFBC}") = "Aether.Frontend.Proto", "Aether.Frontend.Proto\Aether.Frontend.Proto.csproj", "{1702C336-685E-4605-8056-02506149ECF7}"
EndProject
Global
	GlobalSection(SolutionConfigurationPlatforms) = preSolution
		Debug|Any CPU = Debug|Any CPU
		Debug|ARM64 = Debug|ARM64
		Debug|x64 = Debug|x64
		Debug|x86 = Debug|x86
		Release|Any CPU = Release|Any CPU
		Release|ARM64 = Release|ARM64
		Release|x64 = Release|x64
		Release|x86 = Release|x86
	EndGlobalSection
	GlobalSection(ProjectConfigurationPlatforms) = postSolution
		{E5220A51-9FD9-49F0-B0B8-4FA640054D49}.Debug|Any CPU.ActiveCfg = Debug|Any CPU
		{E5220A51-9FD9-49F0-B0B8-4FA640054D49}.Debug|Any CPU.Build.0 = Debug|Any CPU
		{E5220A51-9FD9-49F0-B0B8-4FA640054D49}.Debug|ARM64.ActiveCfg = Debug|Any CPU
		{E5220A51-9FD9-49F0-B0B8-4FA640054D49}.Debug|ARM64.Build.0 = Debug|Any CPU
		{E5220A51-9FD9-49F0-B0B8-4FA640054D49}.Debug|x64.ActiveCfg = Debug|Any CPU
		{E5220A51-9FD9-49F0-B0B8-4FA640054D49}.Debug|x64.Build.0 = Debug|Any CPU
		{E5220A51-9FD9-49F0-B0B8-4FA640054D49}.Debug|x86.ActiveCfg = Debug|Any CPU
		{E5220A51-9FD9-49F0-B0B8-4FA640054D49}.Debug|x86.Build.0 = Debug|Any CPU
		{E5220A51-9FD9-49F0-B0B8-4FA640054D49}.Release|Any CPU.ActiveCfg = Release|Any CPU
		{E5220A51-9FD9-49F0-B0B8-4FA640054D49}.Release|Any CPU.Build.0 = Release|Any CPU
		{E5220A51-9FD9-49F0-B0B8-4FA640054D49}.Release|ARM64.ActiveCfg = Release|Any CPU
		{E5220A51-9FD9-49F0-B0B8-4FA640054D49}.Release|ARM64.Build.0 = Release|Any CPU
		{E5220A51-9FD9-49F0-B0B8-4FA640054D49}.Release|x64.ActiveCfg = Release|Any CPU
		{E5220A51-9FD9-49F0-B0B8-4FA640054D49}.Release|x64.Build.0 = Release|Any CPU
		{E5220A51-9FD9-49F0-B0B8-4FA640054D49}.Release|x86.ActiveCfg = Release|Any CPU
		{E5220A51-9FD9-49F0-B0B8-4FA640054D49}.Release|x86.Build.0 = Release|Any CPU
		{819B2FD3-28D6-48A2-959E-DF7E919994AF}.Debug|Any CPU.ActiveCfg = Debug|Any CPU
		{819B2FD3-28D6-48A2-959E-DF7E919994AF}.Debug|Any CPU.Build.0 = Debug|Any CPU
		{819B2FD3-28D6-48A2-959E-DF7E919994AF}.Debug|ARM64.ActiveCfg = Debug|Any CPU
		{819B2FD3-28D6-48A2-959E-DF7E919994AF}.Debug|ARM64.Build.0 = Debug|Any CPU
		{819B2FD3-28D6-48A2-959E-DF7E919994AF}.Debug|x64.ActiveCfg = Debug|Any CPU
		{819B2FD3-28D6-48A2-959E-DF7E919994AF}.Debug|x64.Build.0 = Debug|Any CPU
		{819B2FD3-28D6-48A2-959E-DF7E919994AF}.Debug|x86.ActiveCfg = Debug|Any CPU
		{819B2FD3-28D6-48A2-959E-DF7E919994AF}.Debug|x86.Build.0 = Debug|Any CPU
		{819B2FD3-28D6-48A2-959E-DF7E919994AF}.Release|Any CPU.ActiveCfg = Release|Any CPU
		{819B2FD3-28D6-48A2-959E-DF7E919994AF}.Release|Any CPU.Build.0 = Release|Any CPU
		{819B2FD3-28D6-48A2-959E-DF7E919994AF}.Release|ARM64.ActiveCfg = Release|Any CPU
		{819B2FD3-28D6-48A2-959E-DF7E919994AF}.Release|ARM64.Build.0 = Release|Any CPU
		{819B2FD3-28D6-48A2-959E-DF7E919994AF}.Release|x64.ActiveCfg = Release|Any CPU
		{819B2FD3-28D6-48A2-959E-DF7E919994AF}.Release|x64.Build.0 = Release|Any CPU
		{819B2FD3-28D6-48A2-959E-DF7E919994AF}.Release|x86.ActiveCfg = Release|Any CPU
		{819B2FD3-28D6-48A2-959E-DF7E919994AF}.Release|x86.Build.0 = Release|Any CPU
		{032CB062-4207-4D68-AC9C-24F12EC97332}.Debug|Any CPU.ActiveCfg = Debug|Any CPU
		{032CB062-4207-4D68-AC9C-24F12EC97332}.Debug|Any CPU.Build.0 = Debug|Any CPU
		{032CB062-4207-4D68-AC9C-24F12EC97332}.Debug|ARM64.ActiveCfg = Debug|Any CPU
		{032CB062-4207-4D68-AC9C-24F12EC97332}.Debug|ARM64.Build.0 = Debug|Any CPU
		{032CB062-4207-4D68-AC9C-24F12EC97332}.Debug|x64.ActiveCfg = Debug|Any CPU
		{032CB062-4207-4D68-AC9C-24F12EC97332}.Debug|x64.Build.0 = Debug|Any CPU
		{032CB062-4207-4D68-AC9C-24F12EC97332}.Debug|x86.ActiveCfg = Debug|Any CPU
		{032CB062-4207-4D68-AC9C-24F12EC97332}.Debug|x86.Build.0 = Debug|Any CPU
		{032CB062-4207-4D68-AC9C-24F12EC97332}.Release|Any CPU.ActiveCfg = Release|Any CPU
		{032CB062-4207-4D68-AC9C-24F12EC97332}.Release|Any CPU.Build.0 = Release|Any CPU
		{032CB062-4207-4D68-AC9C-24F12EC97332}.Release|ARM64.ActiveCfg = Release|Any CPU
		{032CB062-4207-4D68-AC9C-24F12EC97332}.Release|ARM64.Build.0 = Release|Any CPU
		{032CB062-4207-4D68-AC9C-24F12EC97332}.Release|x64.ActiveCfg = Release|Any CPU
		{032CB062-4207-4D68-AC9C-24F12EC97332}.Release|x64.Build.0 = Release|Any CPU
		{032CB062-4207-4D68-AC9C-24F12EC97332}.Release|x86.ActiveCfg = Release|Any CPU
		{032CB062-4207-4D68-AC9C-24F12EC97332}.Release|x86.Build.0 = Release|Any CPU
		{0030DEB8-0833-455C-864E-855CAFFE7C48}.Debug|Any CPU.ActiveCfg = Debug|Any CPU
		{0030DEB8-0833-455C-864E-855CAFFE7C48}.Debug|Any CPU.Build.0 = Debug|Any CPU
		{0030DEB8-0833-455C-864E-855CAFFE7C48}.Debug|ARM64.ActiveCfg = Debug|Any CPU
		{0030DEB8-0833-455C-864E-855CAFFE7C48}.Debug|ARM64.Build.0 = Debug|Any CPU
		{0030DEB8-0833-455C-864E-855CAFFE7C48}.Debug|x64.ActiveCfg = Debug|Any CPU
		{0030DEB8-0833-455C-864E-855CAFFE7C48}.Debug|x64.Build.0 = Debug|Any CPU
		{0030DEB8-0833-455C-864E-855CAFFE7C48}.Debug|x86.ActiveCfg = Debug|Any CPU
		{0030DEB8-0833-455C-864E-855CAFFE7C48}.Debug|x86.Build.0 = Debug|Any CPU
		{0030DEB8-0833-455C-864E-855CAFFE7C48}.Release|Any CPU.ActiveCfg = Release|Any CPU
		{0030DEB8-0833-455C-864E-855CAFFE7C48}.Release|Any CPU.Build.0 = Release|Any CPU
		{0030DEB8-0833-455C-864E-855CAFFE7C48}.Release|ARM64.ActiveCfg = Release|Any CPU
		{0030DEB8-0833-455C-864E-855CAFFE7C48}.Release|ARM64.Build.0 = Release|Any CPU
		{0030DEB8-0833-455C-864E-855CAFFE7C48}.Release|x64.ActiveCfg = Release|Any CPU
		{0030DEB8-0833-455C-864E-855CAFFE7C48}.Release|x64.Build.0 = Release|Any CPU
		{0030DEB8-0833-455C-864E-855CAFFE7C48}.Release|x86.ActiveCfg = Release|Any CPU
		{0030DEB8-0833-455C-864E-855CAFFE7C48}.Release|x86.Build.0 = Release|Any CPU
		{62234C06-49B2-4B43-B827-8455F5FA4635}.Debug|Any CPU.ActiveCfg = Debug|Any CPU
		{62234C06-49B2-4B43-B827-8455F5FA4635}.Debug|Any CPU.Build.0 = Debug|Any CPU
		{62234C06-49B2-4B43-B827-8455F5FA4635}.Debug|ARM64.ActiveCfg = Debug|Any CPU
		{62234C06-49B2-4B43-B827-8455F5FA4635}.Debug|ARM64.Build.0 = Debug|Any CPU
		{62234C06-49B2-4B43-B827-8455F5FA4635}.Debug|x64.ActiveCfg = Debug|Any CPU
		{62234C06-49B2-4B43-B827-8455F5FA4635}.Debug|x64.Build.0 = Debug|Any CPU
		{62234C06-49B2-4B43-B827-8455F5FA4635}.Debug|x86.ActiveCfg = Debug|Any CPU
		{62234C06-49B2-4B43-B827-8455F5FA4635}.Debug|x86.Build.0 = Debug|Any CPU
		{62234C06-49B2-4B43-B827-8455F5FA4635}.Release|Any CPU.ActiveCfg = Release|Any CPU
		{62234C06-49B2-4B43-B827-8455F5FA4635}.Release|Any CPU.Build.0 = Release|Any CPU
		{62234C06-49B2-4B43-B827-8455F5FA4635}.Release|ARM64.ActiveCfg = Release|Any CPU
		{62234C06-49B2-4B43-B827-8455F5FA4635}.Release|ARM64.Build.0 = Release|Any CPU
		{62234C06-49B2-4B43-B827-8455F5FA4635}.Release|x64.ActiveCfg = Release|Any CPU
		{62234C06-49B2-4B43-B827-8455F5FA4635}.Release|x64.Build.0 = Release|Any CPU
		{62234C06-49B2-4B43-B827-8455F5FA4635}.Release|x86.ActiveCfg = Release|Any CPU
		{62234C06-49B2-4B43-B827-8455F5FA4635}.Release|x86.Build.0 = Release|Any CPU
		{BB6C9642-C75A-4C53-A298-3509CB7009FB}.Debug|Any CPU.ActiveCfg = Debug|Any CPU
		{BB6C9642-C75A-4C53-A298-3509CB7009FB}.Debug|Any CPU.Build.0 = Debug|Any CPU
		{BB6C9642-C75A-4C53-A298-3509CB7009FB}.Debug|ARM64.ActiveCfg = Debug|Any CPU
		{BB6C9642-C75A-4C53-A298-3509CB7009FB}.Debug|ARM64.Build.0 = Debug|Any CPU
		{BB6C9642-C75A-4C53-A298-3509CB7009FB}.Debug|x64.ActiveCfg = Debug|Any CPU
		{BB6C9642-C75A-4C53-A298-3509CB7009FB}.Debug|x64.Build.0 = Debug|Any CPU
		{BB6C9642-C75A-4C53-A298-3509CB7009FB}.Debug|x86.ActiveCfg = Debug|Any CPU
		{BB6C9642-C75A-4C53-A298-3509CB7009FB}.Debug|x86.Build.0 = Debug|Any CPU
		{BB6C9642-C75A-4C53-A298-3509CB7009FB}.Release|Any CPU.ActiveCfg = Release|Any CPU
		{BB6C9642-C75A-4C53-A298-3509CB7009FB}.Release|Any CPU.Build.0 = Release|Any CPU
		{BB6C9642-C75A-4C53-A298-3509CB7009FB}.Release|ARM64.ActiveCfg = Release|Any CPU
		{BB6C9642-C75A-4C53-A298-3509CB7009FB}.Release|ARM64.Build.0 = Release|Any CPU
		{BB6C9642-C75A-4C53-A298-3509CB7009FB}.Release|x64.ActiveCfg = Release|Any CPU
		{BB6C9642-C75A-4C53-A298-3509CB7009FB}.Release|x64.Build.0 = Release|Any CPU
		{BB6C9642-C75A-4C53-A298-3509CB7009FB}.Release|x86.ActiveCfg = Release|Any CPU
		{BB6C9642-C75A-4C53-A298-3509CB7009FB}.Release|x86.Build.0 = Release|Any CPU
		{97CD8452-3F1B-4F90-AF9A-BB06544FEFD1}.Debug|Any CPU.ActiveCfg = Debug|Any CPU
		{97CD8452-3F1B-4F90-AF9A-BB06544FEFD1}.Debug|Any CPU.Build.0 = Debug|Any CPU
		{97CD8452-3F1B-4F90-AF9A-BB06544FEFD1}.Debug|ARM64.ActiveCfg = Debug|Any CPU
		{97CD8452-3F1B-4F90-AF9A-BB06544FEFD1}.Debug|ARM64.Build.0 = Debug|Any CPU
		{97CD8452-3F1B-4F90-AF9A-BB06544FEFD1}.Debug|x64.ActiveCfg = Debug|Any CPU
		{97CD8452-3F1B-4F90-AF9A-BB06544FEFD1}.Debug|x64.Build.0 = Debug|Any CPU
		{97CD8452-3F1B-4F90-AF9A-BB06544FEFD1}.Debug|x86.ActiveCfg = Debug|Any CPU
		{97CD8452-3F1B-4F90-AF9A-BB06544FEFD1}.Debug|x86.Build.0 = Debug|Any CPU
		{97CD8452-3F1B-4F90-AF9A-BB06544FEFD1}.Release|Any CPU.ActiveCfg = Release|Any CPU
		{97CD8452-3F1B-4F90-AF9A-BB06544FEFD1}.Release|Any CPU.Build.0 = Release|Any CPU
		{97CD8452-3F1B-4F90-AF9A-BB06544FEFD1}.Release|ARM64.ActiveCfg = Release|Any CPU
		{97CD8452-3F1B-4F90-AF9A-BB06544FEFD1}.Release|ARM64.Build.0 = Release|Any CPU
		{97CD8452-3F1B-4F90-AF9A-BB06544FEFD1}.Release|x64.ActiveCfg = Release|Any CPU
		{97CD8452-3F1B-4F90-AF9A-BB06544FEFD1}.Release|x64.Build.0 = Release|Any CPU
		{97CD8452-3F1B-4F90-AF9A-BB06544FEFD1}.Release|x86.ActiveCfg = Release|Any CPU
		{97CD8452-3F1B-4F90-AF9A-BB06544FEFD1}.Release|x86.Build.0 = Release|Any CPU
		{01458789-AE06-468A-B1AA-637F9E893BEC}.Debug|Any CPU.ActiveCfg = Debug|Any CPU
		{01458789-AE06-468A-B1AA-637F9E893BEC}.Debug|Any CPU.Build.0 = Debug|Any CPU
		{01458789-AE06-468A-B1AA-637F9E893BEC}.Debug|ARM64.ActiveCfg = Debug|Any CPU
		{01458789-AE06-468A-B1AA-637F9E893BEC}.Debug|ARM64.Build.0 = Debug|Any CPU
		{01458789-AE06-468A-B1AA-637F9E893BEC}.Debug|x64.ActiveCfg = Debug|Any CPU
		{01458789-AE06-468A-B1AA-637F9E893BEC}.Debug|x64.Build.0 = Debug|Any CPU
		{01458789-AE06-468A-B1AA-637F9E893BEC}.Debug|x86.ActiveCfg = Debug|Any CPU
		{01458789-AE06-468A-B1AA-637F9E893BEC}.Debug|x86.Build.0 = Debug|Any CPU
		{01458789-AE06-468A-B1AA-637F9E893BEC}.Release|Any CPU.ActiveCfg = Release|Any CPU
		{01458789-AE06-468A-B1AA-637F9E893BEC}.Release|Any CPU.Build.0 = Release|Any CPU
		{01458789-AE06-468A-B1AA-637F9E893BEC}.Release|ARM64.ActiveCfg = Release|Any CPU
		{01458789-AE06-468A-B1AA-637F9E893BEC}.Release|ARM64.Build.0 = Release|Any CPU
		{01458789-AE06-468A-B1AA-637F9E893BEC}.Release|x64.ActiveCfg = Release|Any CPU
		{01458789-AE06-468A-B1AA-637F9E893BEC}.Release|x64.Build.0 = Release|Any CPU
		{01458789-AE06-468A-B1AA-637F9E893BEC}.Release|x86.ActiveCfg = Release|Any CPU
		{01458789-AE06-468A-B1AA-637F9E893BEC}.Release|x86.Build.0 = Release|Any CPU
		{32C70CC8-4AE2-40BB-BDE2-8D226F694A16}.Debug|Any CPU.ActiveCfg = Debug|Any CPU
		{32C70CC8-4AE2-40BB-BDE2-8D226F694A16}.Debug|Any CPU.Build.0 = Debug|Any CPU
		{32C70CC8-4AE2-40BB-BDE2-8D226F694A16}.Debug|ARM64.ActiveCfg = Debug|Any CPU
		{32C70CC8-4AE2-40BB-BDE2-8D226F694A16}.Debug|ARM64.Build.0 = Debug|Any CPU
		{32C70CC8-4AE2-40BB-BDE2-8D226F694A16}.Debug|x64.ActiveCfg = Debug|Any CPU
		{32C70CC8-4AE2-40BB-BDE2-8D226F694A16}.Debug|x64.Build.0 = Debug|Any CPU
		{32C70CC8-4AE2-40BB-BDE2-8D226F694A16}.Debug|x86.ActiveCfg = Debug|Any CPU
		{32C70CC8-4AE2-40BB-BDE2-8D226F694A16}.Debug|x86.Build.0 = Debug|Any CPU
		{32C70CC8-4AE2-40BB-BDE2-8D226F694A16}.Release|Any CPU.ActiveCfg = Release|Any CPU
		{32C70CC8-4AE2-40BB-BDE2-8D226F694A16}.Release|Any CPU.Build.0 = Release|Any CPU
		{32C70CC8-4AE2-40BB-BDE2-8D226F694A16}.Release|ARM64.ActiveCfg = Release|Any CPU
		{32C70CC8-4AE2-40BB-BDE2-8D226F694A16}.Release|ARM64.Build.0 = Release|Any CPU
		{32C70CC8-4AE2-40BB-BDE2-8D226F694A16}.Release|x64.ActiveCfg = Release|Any CPU
		{32C70CC8-4AE2-40BB-BDE2-8D226F694A16}.Release|x64.Build.0 = Release|Any CPU
		{32C70CC8-4AE2-40BB-BDE2-8D226F694A16}.Release|x86.ActiveCfg = Release|Any CPU
		{32C70CC8-4AE2-40BB-BDE2-8D226F694A16}.Release|x86.Build.0 = Release|Any CPU
		{345E9A31-46DF-491A-ADAA-E2DEA149F127}.Debug|Any CPU.ActiveCfg = Debug|Any CPU
		{345E9A31-46DF-491A-ADAA-E2DEA149F127}.Debug|Any CPU.Build.0 = Debug|Any CPU
		{345E9A31-46DF-491A-ADAA-E2DEA149F127}.Debug|ARM64.ActiveCfg = Debug|Any CPU
		{345E9A31-46DF-491A-ADAA-E2DEA149F127}.Debug|ARM64.Build.0 = Debug|Any CPU
		{345E9A31-46DF-491A-ADAA-E2DEA149F127}.Debug|x64.ActiveCfg = Debug|Any CPU
		{345E9A31-46DF-491A-ADAA-E2DEA149F127}.Debug|x64.Build.0 = Debug|Any CPU
		{345E9A31-46DF-491A-ADAA-E2DEA149F127}.Debug|x86.ActiveCfg = Debug|Any CPU
		{345E9A31-46DF-491A-ADAA-E2DEA149F127}.Debug|x86.Build.0 = Debug|Any CPU
		{345E9A31-46DF-491A-ADAA-E2DEA149F127}.Release|Any CPU.ActiveCfg = Release|Any CPU
		{345E9A31-46DF-491A-ADAA-E2DEA149F127}.Release|Any CPU.Build.0 = Release|Any CPU
		{345E9A31-46DF-491A-ADAA-E2DEA149F127}.Release|ARM64.ActiveCfg = Release|Any CPU
		{345E9A31-46DF-491A-ADAA-E2DEA149F127}.Release|ARM64.Build.0 = Release|Any CPU
		{345E9A31-46DF-491A-ADAA-E2DEA149F127}.Release|x64.ActiveCfg = Release|Any CPU
		{345E9A31-46DF-491A-ADAA-E2DEA149F127}.Release|x64.Build.0 = Release|Any CPU
		{345E9A31-46DF-491A-ADAA-E2DEA149F127}.Release|x86.ActiveCfg = Release|Any CPU
		{345E9A31-46DF-491A-ADAA-E2DEA149F127}.Release|x86.Build.0 = Release|Any CPU
		{38CF477C-81BA-4BED-9E81-D63F55793C82}.Debug|Any CPU.ActiveCfg = Debug|x64
		{38CF477C-81BA-4BED-9E81-D63F55793C82}.Debug|Any CPU.Build.0 = Debug|x64
		{38CF477C-81BA-4BED-9E81-D63F55793C82}.Debug|Any CPU.Deploy.0 = Debug|x64
		{38CF477C-81BA-4BED-9E81-D63F55793C82}.Debug|ARM64.ActiveCfg = Debug|ARM64
		{38CF477C-81BA-4BED-9E81-D63F55793C82}.Debug|ARM64.Build.0 = Debug|ARM64
		{38CF477C-81BA-4BED-9E81-D63F55793C82}.Debug|ARM64.Deploy.0 = Debug|ARM64
		{38CF477C-81BA-4BED-9E81-D63F55793C82}.Debug|x64.ActiveCfg = Debug|x64
		{38CF477C-81BA-4BED-9E81-D63F55793C82}.Debug|x64.Build.0 = Debug|x64
		{38CF477C-81BA-4BED-9E81-D63F55793C82}.Debug|x64.Deploy.0 = Debug|x64
		{38CF477C-81BA-4BED-9E81-D63F55793C82}.Debug|x86.ActiveCfg = Debug|x86
		{38CF477C-81BA-4BED-9E81-D63F55793C82}.Debug|x86.Build.0 = Debug|x86
		{38CF477C-81BA-4BED-9E81-D63F55793C82}.Debug|x86.Deploy.0 = Debug|x86
		{38CF477C-81BA-4BED-9E81-D63F55793C82}.Release|Any CPU.ActiveCfg = Release|x64
		{38CF477C-81BA-4BED-9E81-D63F55793C82}.Release|Any CPU.Build.0 = Release|x64
		{38CF477C-81BA-4BED-9E81-D63F55793C82}.Release|Any CPU.Deploy.0 = Release|x64
		{38CF477C-81BA-4BED-9E81-D63F55793C82}.Release|ARM64.ActiveCfg = Release|ARM64
		{38CF477C-81BA-4BED-9E81-D63F55793C82}.Release|ARM64.Build.0 = Release|ARM64
		{38CF477C-81BA-4BED-9E81-D63F55793C82}.Release|ARM64.Deploy.0 = Release|ARM64
		{38CF477C-81BA-4BED-9E81-D63F55793C82}.Release|x64.ActiveCfg = Release|x64
		{38CF477C-81BA-4BED-9E81-D63F55793C82}.Release|x64.Build.0 = Release|x64
		{38CF477C-81BA-4BED-9E81-D63F55793C82}.Release|x64.Deploy.0 = Release|x64
		{38CF477C-81BA-4BED-9E81-D63F55793C82}.Release|x86.ActiveCfg = Release|x86
		{38CF477C-81BA-4BED-9E81-D63F55793C82}.Release|x86.Build.0 = Release|x86
		{38CF477C-81BA-4BED-9E81-D63F55793C82}.Release|x86.Deploy.0 = Release|x86
		{C6577084-10C4-4F9F-9B30-1857C6435CAC}.Debug|Any CPU.ActiveCfg = Debug|x64
		{C6577084-10C4-4F9F-9B30-1857C6435CAC}.Debug|Any CPU.Build.0 = Debug|x64
		{C6577084-10C4-4F9F-9B30-1857C6435CAC}.Debug|ARM64.ActiveCfg = Debug|ARM64
		{C6577084-10C4-4F9F-9B30-1857C6435CAC}.Debug|ARM64.Build.0 = Debug|ARM64
		{C6577084-10C4-4F9F-9B30-1857C6435CAC}.Debug|x64.ActiveCfg = Debug|x64
		{C6577084-10C4-4F9F-9B30-1857C6435CAC}.Debug|x64.Build.0 = Debug|x64
		{C6577084-10C4-4F9F-9B30-1857C6435CAC}.Debug|x86.ActiveCfg = Debug|x86
		{C6577084-10C4-4F9F-9B30-1857C6435CAC}.Debug|x86.Build.0 = Debug|x86
		{C6577084-10C4-4F9F-9B30-1857C6435CAC}.Release|Any CPU.ActiveCfg = Release|x64
		{C6577084-10C4-4F9F-9B30-1857C6435CAC}.Release|Any CPU.Build.0 = Release|x64
		{C6577084-10C4-4F9F-9B30-1857C6435CAC}.Release|ARM64.ActiveCfg = Release|ARM64
		{C6577084-10C4-4F9F-9B30-1857C6435CAC}.Release|ARM64.Build.0 = Release|ARM64
		{C6577084-10C4-4F9F-9B30-1857C6435CAC}.Release|x64.ActiveCfg = Release|x64
		{C6577084-10C4-4F9F-9B30-1857C6435CAC}.Release|x64.Build.0 = Release|x64
		{C6577084-10C4-4F9F-9B30-1857C6435CAC}.Release|x86.ActiveCfg = Release|x86
		{C6577084-10C4-4F9F-9B30-1857C6435CAC}.Release|x86.Build.0 = Release|x86
		{1702C336-685E-4605-8056-02506149ECF7}.Debug|Any CPU.ActiveCfg = Debug|Any CPU
		{1702C336-685E-4605-8056-02506149ECF7}.Debug|Any CPU.Build.0 = Debug|Any CPU
		{1702C336-685E-4605-8056-02506149ECF7}.Debug|ARM64.ActiveCfg = Debug|Any CPU
		{1702C336-685E-4605-8056-02506149ECF7}.Debug|ARM64.Build.0 = Debug|Any CPU
		{1702C336-685E-4605-8056-02506149ECF7}.Debug|x64.ActiveCfg = Debug|Any CPU
		{1702C336-685E-4605-8056-02506149ECF7}.Debug|x64.Build.0 = Debug|Any CPU
		{1702C336-685E-4605-8056-02506149ECF7}.Debug|x86.ActiveCfg = Debug|Any CPU
		{1702C336-685E-4605-8056-02506149ECF7}.Debug|x86.Build.0 = Debug|Any CPU
		{1702C336-685E-4605-8056-02506149ECF7}.Release|Any CPU.ActiveCfg = Release|Any CPU
		{1702C336-685E-4605-8056-02506149ECF7}.Release|Any CPU.Build.0 = Release|Any CPU
		{1702C336-685E-4605-8056-02506149ECF7}.Release|ARM64.ActiveCfg = Release|Any CPU
		{1702C336-685E-4605-8056-02506149ECF7}.Release|ARM64.Build.0 = Release|Any CPU
		{1702C336-685E-4605-8056-02506149ECF7}.Release|x64.ActiveCfg = Release|Any CPU
		{1702C336-685E-4605-8056-02506149ECF7}.Release|x64.Build.0 = Release|Any CPU
		{1702C336-685E-4605-8056-02506149ECF7}.Release|x86.ActiveCfg = Release|Any CPU
		{1702C336-685E-4605-8056-02506149ECF7}.Release|x86.Build.0 = Release|Any CPU
	EndGlobalSection
	GlobalSection(SolutionProperties) = preSolution
		HideSolutionNode = FALSE
	EndGlobalSection
	GlobalSection(NestedProjects) = preSolution
		{032CB062-4207-4D68-AC9C-24F12EC97332} = {338A25BB-97C0-B166-0596-03A1860028BA}
		{0030DEB8-0833-455C-864E-855CAFFE7C48} = {338A25BB-97C0-B166-0596-03A1860028BA}
		{62234C06-49B2-4B43-B827-8455F5FA4635} = {338A25BB-97C0-B166-0596-03A1860028BA}
		{BB6C9642-C75A-4C53-A298-3509CB7009FB} = {338A25BB-97C0-B166-0596-03A1860028BA}
		{97CD8452-3F1B-4F90-AF9A-BB06544FEFD1} = {338A25BB-97C0-B166-0596-03A1860028BA}
		{338A25BB-97C0-B166-0596-03A1860028BA} = {05EFD123-E023-4845-ACF9-E81B98AD8BBD}
		{01458789-AE06-468A-B1AA-637F9E893BEC} = {338A25BB-97C0-B166-0596-03A1860028BA}
		{32C70CC8-4AE2-40BB-BDE2-8D226F694A16} = {338A25BB-97C0-B166-0596-03A1860028BA}
		{345E9A31-46DF-491A-ADAA-E2DEA149F127} = {338A25BB-97C0-B166-0596-03A1860028BA}
		{38CF477C-81BA-4BED-9E81-D63F55793C82} = {069C5ADD-97E7-441B-A6CC-4C13ADFB7BD8}
		{C6577084-10C4-4F9F-9B30-1857C6435CAC} = {069C5ADD-97E7-441B-A6CC-4C13ADFB7BD8}
		{1702C336-685E-4605-8056-02506149ECF7} = {069C5ADD-97E7-441B-A6CC-4C13ADFB7BD8}
	EndGlobalSection
	GlobalSection(ExtensibilityGlobals) = postSolution
		SolutionGuid = {373B43C3-D180-4F8B-9E27-E8117211C3BB}
	EndGlobalSection
EndGlobal
